
Microsoft Visual Studio Solution File, Format Version 12.00
# Visual Studio 15
VisualStudioVersion = 15.0.26124.0
MinimumVisualStudioVersion = 15.0.26124.0
Project("{FAE04EC0-301F-11D3-BF4B-00C04F79EFBC}") = "API", "API\API.csproj", "{B2DC248C-F3F6-414B-BB75-16E2DFE27D8E}"
EndProject
Project("{FAE04EC0-301F-11D3-BF4B-00C04F79EFBC}") = "Application", "Application\Application.csproj", "{4BBEA057-9129-4B5D-AD20-0EEEABD16FAB}"
EndProject
Project("{FAE04EC0-301F-11D3-BF4B-00C04F79EFBC}") = "Persistence", "Persistence\Persistence.csproj", "{15BFF1D1-34EF-4CF6-873E-E03D14857B4A}"
EndProject
Project("{FAE04EC0-301F-11D3-BF4B-00C04F79EFBC}") = "Domain", "Domain\Domain.csproj", "{5F28E1A4-DBBA-4236-89AC-D3D3BA505653}"
EndProject
Global
	GlobalSection(SolutionConfigurationPlatforms) = preSolution
		Debug|Any CPU = Debug|Any CPU
		Debug|x64 = Debug|x64
		Debug|x86 = Debug|x86
		Release|Any CPU = Release|Any CPU
		Release|x64 = Release|x64
		Release|x86 = Release|x86
	EndGlobalSection
	GlobalSection(SolutionProperties) = preSolution
		HideSolutionNode = FALSE
	EndGlobalSection
	GlobalSection(ProjectConfigurationPlatforms) = postSolution
		{B2DC248C-F3F6-414B-BB75-16E2DFE27D8E}.Debug|Any CPU.ActiveCfg = Debug|Any CPU
		{B2DC248C-F3F6-414B-BB75-16E2DFE27D8E}.Debug|Any CPU.Build.0 = Debug|Any CPU
		{B2DC248C-F3F6-414B-BB75-16E2DFE27D8E}.Debug|x64.ActiveCfg = Debug|Any CPU
		{B2DC248C-F3F6-414B-BB75-16E2DFE27D8E}.Debug|x64.Build.0 = Debug|Any CPU
		{B2DC248C-F3F6-414B-BB75-16E2DFE27D8E}.Debug|x86.ActiveCfg = Debug|Any CPU
		{B2DC248C-F3F6-414B-BB75-16E2DFE27D8E}.Debug|x86.Build.0 = Debug|Any CPU
		{B2DC248C-F3F6-414B-BB75-16E2DFE27D8E}.Release|Any CPU.ActiveCfg = Release|Any CPU
		{B2DC248C-F3F6-414B-BB75-16E2DFE27D8E}.Release|Any CPU.Build.0 = Release|Any CPU
		{B2DC248C-F3F6-414B-BB75-16E2DFE27D8E}.Release|x64.ActiveCfg = Release|Any CPU
		{B2DC248C-F3F6-414B-BB75-16E2DFE27D8E}.Release|x64.Build.0 = Release|Any CPU
		{B2DC248C-F3F6-414B-BB75-16E2DFE27D8E}.Release|x86.ActiveCfg = Release|Any CPU
		{B2DC248C-F3F6-414B-BB75-16E2DFE27D8E}.Release|x86.Build.0 = Release|Any CPU
		{4BBEA057-9129-4B5D-AD20-0EEEABD16FAB}.Debug|Any CPU.ActiveCfg = Debug|Any CPU
		{4BBEA057-9129-4B5D-AD20-0EEEABD16FAB}.Debug|Any CPU.Build.0 = Debug|Any CPU
		{4BBEA057-9129-4B5D-AD20-0EEEABD16FAB}.Debug|x64.ActiveCfg = Debug|Any CPU
		{4BBEA057-9129-4B5D-AD20-0EEEABD16FAB}.Debug|x64.Build.0 = Debug|Any CPU
		{4BBEA057-9129-4B5D-AD20-0EEEABD16FAB}.Debug|x86.ActiveCfg = Debug|Any CPU
		{4BBEA057-9129-4B5D-AD20-0EEEABD16FAB}.Debug|x86.Build.0 = Debug|Any CPU
		{4BBEA057-9129-4B5D-AD20-0EEEABD16FAB}.Release|Any CPU.ActiveCfg = Release|Any CPU
		{4BBEA057-9129-4B5D-AD20-0EEEABD16FAB}.Release|Any CPU.Build.0 = Release|Any CPU
		{4BBEA057-9129-4B5D-AD20-0EEEABD16FAB}.Release|x64.ActiveCfg = Release|Any CPU
		{4BBEA057-9129-4B5D-AD20-0EEEABD16FAB}.Release|x64.Build.0 = Release|Any CPU
		{4BBEA057-9129-4B5D-AD20-0EEEABD16FAB}.Release|x86.ActiveCfg = Release|Any CPU
		{4BBEA057-9129-4B5D-AD20-0EEEABD16FAB}.Release|x86.Build.0 = Release|Any CPU
		{15BFF1D1-34EF-4CF6-873E-E03D14857B4A}.Debug|Any CPU.ActiveCfg = Debug|Any CPU
		{15BFF1D1-34EF-4CF6-873E-E03D14857B4A}.Debug|Any CPU.Build.0 = Debug|Any CPU
		{15BFF1D1-34EF-4CF6-873E-E03D14857B4A}.Debug|x64.ActiveCfg = Debug|Any CPU
		{15BFF1D1-34EF-4CF6-873E-E03D14857B4A}.Debug|x64.Build.0 = Debug|Any CPU
		{15BFF1D1-34EF-4CF6-873E-E03D14857B4A}.Debug|x86.ActiveCfg = Debug|Any CPU
		{15BFF1D1-34EF-4CF6-873E-E03D14857B4A}.Debug|x86.Build.0 = Debug|Any CPU
		{15BFF1D1-34EF-4CF6-873E-E03D14857B4A}.Release|Any CPU.ActiveCfg = Release|Any CPU
		{15BFF1D1-34EF-4CF6-873E-E03D14857B4A}.Release|Any CPU.Build.0 = Release|Any CPU
		{15BFF1D1-34EF-4CF6-873E-E03D14857B4A}.Release|x64.ActiveCfg = Release|Any CPU
		{15BFF1D1-34EF-4CF6-873E-E03D14857B4A}.Release|x64.Build.0 = Release|Any CPU
		{15BFF1D1-34EF-4CF6-873E-E03D14857B4A}.Release|x86.ActiveCfg = Release|Any CPU
		{15BFF1D1-34EF-4CF6-873E-E03D14857B4A}.Release|x86.Build.0 = Release|Any CPU
		{5F28E1A4-DBBA-4236-89AC-D3D3BA505653}.Debug|Any CPU.ActiveCfg = Debug|Any CPU
		{5F28E1A4-DBBA-4236-89AC-D3D3BA505653}.Debug|Any CPU.Build.0 = Debug|Any CPU
		{5F28E1A4-DBBA-4236-89AC-D3D3BA505653}.Debug|x64.ActiveCfg = Debug|Any CPU
		{5F28E1A4-DBBA-4236-89AC-D3D3BA505653}.Debug|x64.Build.0 = Debug|Any CPU
		{5F28E1A4-DBBA-4236-89AC-D3D3BA505653}.Debug|x86.ActiveCfg = Debug|Any CPU
		{5F28E1A4-DBBA-4236-89AC-D3D3BA505653}.Debug|x86.Build.0 = Debug|Any CPU
		{5F28E1A4-DBBA-4236-89AC-D3D3BA505653}.Release|Any CPU.ActiveCfg = Release|Any CPU
		{5F28E1A4-DBBA-4236-89AC-D3D3BA505653}.Release|Any CPU.Build.0 = Release|Any CPU
		{5F28E1A4-DBBA-4236-89AC-D3D3BA505653}.Release|x64.ActiveCfg = Release|Any CPU
		{5F28E1A4-DBBA-4236-89AC-D3D3BA505653}.Release|x64.Build.0 = Release|Any CPU
		{5F28E1A4-DBBA-4236-89AC-D3D3BA505653}.Release|x86.ActiveCfg = Release|Any CPU
		{5F28E1A4-DBBA-4236-89AC-D3D3BA505653}.Release|x86.Build.0 = Release|Any CPU
	EndGlobalSection
EndGlobal
